
Microsoft Visual Studio Solution File, Format Version 12.00
# Visual Studio Version 17
VisualStudioVersion = 17.0.31903.59
MinimumVisualStudioVersion = 10.0.40219.1
Project("{FAE04EC0-301F-11D3-BF4B-00C04F79EFBC}") = "EchoBox.App", "EchoBox.App\EchoBox.App.csproj", "{FD051414-B5E0-4A1D-A3CD-41DA68F9AEFE}"
EndProject
Project("{FAE04EC0-301F-11D3-BF4B-00C04F79EFBC}") = "EchoBox.Core", "EchoBox.Core\EchoBox.Core.csproj", "{4ECE524E-69AA-4238-8CBF-DE0152CBEBF8}"
EndProject
Project("{FAE04EC0-301F-11D3-BF4B-00C04F79EFBC}") = "EchoBox.Engine", "EchoBox.Engine\EchoBox.Engine.csproj", "{FFC567C0-690B-408B-A00A-768BED2409B2}"
EndProject
Project("{FAE04EC0-301F-11D3-BF4B-00C04F79EFBC}") = "EchoBox.ShellExtension", "EchoBox.ShellExtension\EchoBox.ShellExtension.csproj", "{8B961BB4-5975-499E-9B8F-C6A8C26797EB}"
EndProject
Global
	GlobalSection(SolutionConfigurationPlatforms) = preSolution
		Debug|Any CPU = Debug|Any CPU
		Debug|x64 = Debug|x64
		Debug|x86 = Debug|x86
		Release|Any CPU = Release|Any CPU
		Release|x64 = Release|x64
		Release|x86 = Release|x86
	EndGlobalSection
	GlobalSection(ProjectConfigurationPlatforms) = postSolution
		{FD051414-B5E0-4A1D-A3CD-41DA68F9AEFE}.Debug|Any CPU.ActiveCfg = Debug|x64
		{FD051414-B5E0-4A1D-A3CD-41DA68F9AEFE}.Debug|Any CPU.Build.0 = Debug|x64
		{FD051414-B5E0-4A1D-A3CD-41DA68F9AEFE}.Debug|x64.ActiveCfg = Debug|x64
		{FD051414-B5E0-4A1D-A3CD-41DA68F9AEFE}.Debug|x64.Build.0 = Debug|x64
		{FD051414-B5E0-4A1D-A3CD-41DA68F9AEFE}.Debug|x86.ActiveCfg = Debug|x86
		{FD051414-B5E0-4A1D-A3CD-41DA68F9AEFE}.Debug|x86.Build.0 = Debug|x86
		{FD051414-B5E0-4A1D-A3CD-41DA68F9AEFE}.Release|Any CPU.ActiveCfg = Release|x64
		{FD051414-B5E0-4A1D-A3CD-41DA68F9AEFE}.Release|Any CPU.Build.0 = Release|x64
		{FD051414-B5E0-4A1D-A3CD-41DA68F9AEFE}.Release|x64.ActiveCfg = Release|x64
		{FD051414-B5E0-4A1D-A3CD-41DA68F9AEFE}.Release|x64.Build.0 = Release|x64
		{FD051414-B5E0-4A1D-A3CD-41DA68F9AEFE}.Release|x86.ActiveCfg = Release|x86
		{FD051414-B5E0-4A1D-A3CD-41DA68F9AEFE}.Release|x86.Build.0 = Release|x86
		{4ECE524E-69AA-4238-8CBF-DE0152CBEBF8}.Debug|Any CPU.ActiveCfg = Debug|Any CPU
		{4ECE524E-69AA-4238-8CBF-DE0152CBEBF8}.Debug|Any CPU.Build.0 = Debug|Any CPU
		{4ECE524E-69AA-4238-8CBF-DE0152CBEBF8}.Debug|x64.ActiveCfg = Debug|Any CPU
		{4ECE524E-69AA-4238-8CBF-DE0152CBEBF8}.Debug|x64.Build.0 = Debug|Any CPU
		{4ECE524E-69AA-4238-8CBF-DE0152CBEBF8}.Debug|x86.ActiveCfg = Debug|Any CPU
		{4ECE524E-69AA-4238-8CBF-DE0152CBEBF8}.Debug|x86.Build.0 = Debug|Any CPU
		{4ECE524E-69AA-4238-8CBF-DE0152CBEBF8}.Release|Any CPU.ActiveCfg = Release|Any CPU
		{4ECE524E-69AA-4238-8CBF-DE0152CBEBF8}.Release|Any CPU.Build.0 = Release|Any CPU
		{4ECE524E-69AA-4238-8CBF-DE0152CBEBF8}.Release|x64.ActiveCfg = Release|Any CPU
		{4ECE524E-69AA-4238-8CBF-DE0152CBEBF8}.Release|x64.Build.0 = Release|Any CPU
		{4ECE524E-69AA-4238-8CBF-DE0152CBEBF8}.Release|x86.ActiveCfg = Release|Any CPU
		{4ECE524E-69AA-4238-8CBF-DE0152CBEBF8}.Release|x86.Build.0 = Release|Any CPU
		{FFC567C0-690B-408B-A00A-768BED2409B2}.Debug|Any CPU.ActiveCfg = Debug|Any CPU
		{FFC567C0-690B-408B-A00A-768BED2409B2}.Debug|Any CPU.Build.0 = Debug|Any CPU
		{FFC567C0-690B-408B-A00A-768BED2409B2}.Debug|x64.ActiveCfg = Debug|Any CPU
		{FFC567C0-690B-408B-A00A-768BED2409B2}.Debug|x64.Build.0 = Debug|Any CPU
		{FFC567C0-690B-408B-A00A-768BED2409B2}.Debug|x86.ActiveCfg = Debug|Any CPU
		{FFC567C0-690B-408B-A00A-768BED2409B2}.Debug|x86.Build.0 = Debug|Any CPU
		{FFC567C0-690B-408B-A00A-768BED2409B2}.Release|Any CPU.ActiveCfg = Release|Any CPU
		{FFC567C0-690B-408B-A00A-768BED2409B2}.Release|Any CPU.Build.0 = Release|Any CPU
		{FFC567C0-690B-408B-A00A-768BED2409B2}.Release|x64.ActiveCfg = Release|Any CPU
		{FFC567C0-690B-408B-A00A-768BED2409B2}.Release|x64.Build.0 = Release|Any CPU
		{FFC567C0-690B-408B-A00A-768BED2409B2}.Release|x86.ActiveCfg = Release|Any CPU
		{FFC567C0-690B-408B-A00A-768BED2409B2}.Release|x86.Build.0 = Release|Any CPU
		{8B961BB4-5975-499E-9B8F-C6A8C26797EB}.Debug|Any CPU.ActiveCfg = Debug|Any CPU
		{8B961BB4-5975-499E-9B8F-C6A8C26797EB}.Debug|Any CPU.Build.0 = Debug|Any CPU
		{8B961BB4-5975-499E-9B8F-C6A8C26797EB}.Debug|x64.ActiveCfg = Debug|Any CPU
		{8B961BB4-5975-499E-9B8F-C6A8C26797EB}.Debug|x64.Build.0 = Debug|Any CPU
		{8B961BB4-5975-499E-9B8F-C6A8C26797EB}.Debug|x86.ActiveCfg = Debug|Any CPU
		{8B961BB4-5975-499E-9B8F-C6A8C26797EB}.Debug|x86.Build.0 = Debug|Any CPU
		{8B961BB4-5975-499E-9B8F-C6A8C26797EB}.Release|Any CPU.ActiveCfg = Release|Any CPU
		{8B961BB4-5975-499E-9B8F-C6A8C26797EB}.Release|Any CPU.Build.0 = Release|Any CPU
		{8B961BB4-5975-499E-9B8F-C6A8C26797EB}.Release|x64.ActiveCfg = Release|Any CPU
		{8B961BB4-5975-499E-9B8F-C6A8C26797EB}.Release|x64.Build.0 = Release|Any CPU
		{8B961BB4-5975-499E-9B8F-C6A8C26797EB}.Release|x86.ActiveCfg = Release|Any CPU
		{8B961BB4-5975-499E-9B8F-C6A8C26797EB}.Release|x86.Build.0 = Release|Any CPU
	EndGlobalSection
	GlobalSection(SolutionProperties) = preSolution
		HideSolutionNode = FALSE
	EndGlobalSection
EndGlobal
